// !$*UTF8*$!
{
	archiveVersion = 1;
	classes = {
	};
	objectVersion = 46;
	objects = {

/* Begin PBXBuildFile section */
		333E278E1E7CA27600306FEB /* AppDelegate.swift in Sources */ = {isa = PBXBuildFile; fileRef = 333E278D1E7CA27600306FEB /* AppDelegate.swift */; };
		333E27901E7CA27600306FEB /* ViewController.swift in Sources */ = {isa = PBXBuildFile; fileRef = 333E278F1E7CA27600306FEB /* ViewController.swift */; };
		333E27931E7CA27600306FEB /* Main.storyboard in Resources */ = {isa = PBXBuildFile; fileRef = 333E27911E7CA27600306FEB /* Main.storyboard */; };
		333E27951E7CA27600306FEB /* Assets.xcassets in Resources */ = {isa = PBXBuildFile; fileRef = 333E27941E7CA27600306FEB /* Assets.xcassets */; };
		333E27981E7CA27600306FEB /* LaunchScreen.storyboard in Resources */ = {isa = PBXBuildFile; fileRef = 333E27961E7CA27600306FEB /* LaunchScreen.storyboard */; };
		333E27A11E7CA3C100306FEB /* fitCell.swift in Sources */ = {isa = PBXBuildFile; fileRef = 333E279F1E7CA3C100306FEB /* fitCell.swift */; };
		333E27A21E7CA3C100306FEB /* fitCell.xib in Resources */ = {isa = PBXBuildFile; fileRef = 333E27A01E7CA3C100306FEB /* fitCell.xib */; };
/* End PBXBuildFile section */

/* Begin PBXFileReference section */
		333E278A1E7CA27600306FEB /* fits.app */ = {isa = PBXFileReference; explicitFileType = wrapper.application; includeInIndex = 0; path = fits.app; sourceTree = BUILT_PRODUCTS_DIR; };
		333E278D1E7CA27600306FEB /* AppDelegate.swift */ = {isa = PBXFileReference; lastKnownFileType = sourcecode.swift; path = AppDelegate.swift; sourceTree = "<group>"; };
		333E278F1E7CA27600306FEB /* ViewController.swift */ = {isa = PBXFileReference; lastKnownFileType = sourcecode.swift; path = ViewController.swift; sourceTree = "<group>"; };
		333E27921E7CA27600306FEB /* Base */ = {isa = PBXFileReference; lastKnownFileType = file.storyboard; name = Base; path = Base.lproj/Main.storyboard; sourceTree = "<group>"; };
		333E27941E7CA27600306FEB /* Assets.xcassets */ = {isa = PBXFileReference; lastKnownFileType = folder.assetcatalog; path = Assets.xcassets; sourceTree = "<group>"; };
		333E27971E7CA27600306FEB /* Base */ = {isa = PBXFileReference; lastKnownFileType = file.storyboard; name = Base; path = Base.lproj/LaunchScreen.storyboard; sourceTree = "<group>"; };
		333E27991E7CA27600306FEB /* Info.plist */ = {isa = PBXFileReference; lastKnownFileType = text.plist.xml; path = Info.plist; sourceTree = "<group>"; };
		333E279F1E7CA3C100306FEB /* fitCell.swift */ = {isa = PBXFileReference; fileEncoding = 4; lastKnownFileType = sourcecode.swift; path = fitCell.swift; sourceTree = "<group>"; };
		333E27A01E7CA3C100306FEB /* fitCell.xib */ = {isa = PBXFileReference; fileEncoding = 4; lastKnownFileType = file.xib; path = fitCell.xib; sourceTree = "<group>"; };
/* End PBXFileReference section */

/* Begin PBXFrameworksBuildPhase section */
		333E27871E7CA27600306FEB /* Frameworks */ = {
			isa = PBXFrameworksBuildPhase;
			buildActionMask = 2147483647;
			files = (
			);
			runOnlyForDeploymentPostprocessing = 0;
		};
/* End PBXFrameworksBuildPhase section */

/* Begin PBXGroup section */
		333E27811E7CA27600306FEB = {
			isa = PBXGroup;
			children = (
				333E278C1E7CA27600306FEB /* fits */,
				333E278B1E7CA27600306FEB /* Products */,
			);
			sourceTree = "<group>";
		};
		333E278B1E7CA27600306FEB /* Products */ = {
			isa = PBXGroup;
			children = (
				333E278A1E7CA27600306FEB /* fits.app */,
			);
			name = Products;
			sourceTree = "<group>";
		};
		333E278C1E7CA27600306FEB /* fits */ = {
			isa = PBXGroup;
			children = (
				333E278D1E7CA27600306FEB /* AppDelegate.swift */,
				333E278F1E7CA27600306FEB /* ViewController.swift */,
				333E279F1E7CA3C100306FEB /* fitCell.swift */,
				333E27A01E7CA3C100306FEB /* fitCell.xib */,
				333E27911E7CA27600306FEB /* Main.storyboard */,
				333E27941E7CA27600306FEB /* Assets.xcassets */,
				333E27961E7CA27600306FEB /* LaunchScreen.storyboard */,
				333E27991E7CA27600306FEB /* Info.plist */,
			);
			path = fits;
			sourceTree = "<group>";
		};
/* End PBXGroup section */

/* Begin PBXNativeTarget section */
		333E27891E7CA27600306FEB /* fits */ = {
			isa = PBXNativeTarget;
			buildConfigurationList = 333E279C1E7CA27600306FEB /* Build configuration list for PBXNativeTarget "fits" */;
			buildPhases = (
				333E27861E7CA27600306FEB /* Sources */,
				333E27871E7CA27600306FEB /* Frameworks */,
				333E27881E7CA27600306FEB /* Resources */,
			);
			buildRules = (
			);
			dependencies = (
			);
			name = fits;
			productName = fits;
			productReference = 333E278A1E7CA27600306FEB /* fits.app */;
			productType = "com.apple.product-type.application";
		};
/* End PBXNativeTarget section */

/* Begin PBXProject section */
		333E27821E7CA27600306FEB /* Project object */ = {
			isa = PBXProject;
			attributes = {
				LastSwiftUpdateCheck = 0820;
				LastUpgradeCheck = 0820;
				ORGANIZATIONNAME = PZRT;
				TargetAttributes = {
					333E27891E7CA27600306FEB = {
						CreatedOnToolsVersion = 8.2.1;
						DevelopmentTeam = 44PY6HEEAQ;
						ProvisioningStyle = Automatic;
					};
				};
			};
			buildConfigurationList = 333E27851E7CA27600306FEB /* Build configuration list for PBXProject "fits" */;
			compatibilityVersion = "Xcode 3.2";
			developmentRegion = English;
			hasScannedForEncodings = 0;
			knownRegions = (
				en,
				Base,
			);
			mainGroup = 333E27811E7CA27600306FEB;
			productRefGroup = 333E278B1E7CA27600306FEB /* Products */;
			projectDirPath = "";
			projectRoot = "";
			targets = (
				333E27891E7CA27600306FEB /* fits */,
			);
		};
/* End PBXProject section */

/* Begin PBXResourcesBuildPhase section */
		333E27881E7CA27600306FEB /* Resources */ = {
			isa = PBXResourcesBuildPhase;
			buildActionMask = 2147483647;
			files = (
				333E27981E7CA27600306FEB /* LaunchScreen.storyboard in Resources */,
				333E27951E7CA27600306FEB /* Assets.xcassets in Resources */,
				333E27931E7CA27600306FEB /* Main.storyboard in Resources */,
				333E27A21E7CA3C100306FEB /* fitCell.xib in Resources */,
			);
			runOnlyForDeploymentPostprocessing = 0;
		};
/* End PBXResourcesBuildPhase section */

/* Begin PBXSourcesBuildPhase section */
		333E27861E7CA27600306FEB /* Sources */ = {
			isa = PBXSourcesBuildPhase;
			buildActionMask = 2147483647;
			files = (
				333E27A11E7CA3C100306FEB /* fitCell.swift in Sources */,
				333E27901E7CA27600306FEB /* ViewController.swift in Sources */,
				333E278E1E7CA27600306FEB /* AppDelegate.swift in Sources */,
			);
			runOnlyForDeploymentPostprocessing = 0;
		};
/* End PBXSourcesBuildPhase section */

/* Begin PBXVariantGroup section */
		333E27911E7CA27600306FEB /* Main.storyboard */ = {
			isa = PBXVariantGroup;
			children = (
				333E27921E7CA27600306FEB /* Base */,
			);
			name = Main.storyboard;
			sourceTree = "<group>";
		};
		333E27961E7CA27600306FEB /* LaunchScreen.storyboard */ = {
			isa = PBXVariantGroup;
			children = (
				333E27971E7CA27600306FEB /* Base */,
			);
			name = LaunchScreen.storyboard;
			sourceTree = "<group>";
		};
/* End PBXVariantGroup section */

/* Begin XCBuildConfiguration section */
		333E279A1E7CA27600306FEB /* Debug */ = {
			isa = XCBuildConfiguration;
			buildSettings = {
				ALWAYS_SEARCH_USER_PATHS = NO;
				CLANG_ANALYZER_NONNULL = YES;
				CLANG_CXX_LANGUAGE_STANDARD = "gnu++0x";
				CLANG_CXX_LIBRARY = "libc++";
				CLANG_ENABLE_MODULES = YES;
				CLANG_ENABLE_OBJC_ARC = YES;
				CLANG_WARN_BOOL_CONVERSION = YES;
				CLANG_WARN_CONSTANT_CONVERSION = YES;
				CLANG_WARN_DIRECT_OBJC_ISA_USAGE = YES_ERROR;
				CLANG_WARN_DOCUMENTATION_COMMENTS = YES;
				CLANG_WARN_EMPTY_BODY = YES;
				CLANG_WARN_ENUM_CONVERSION = YES;
				CLANG_WARN_INFINITE_RECURSION = YES;
				CLANG_WARN_INT_CONVERSION = YES;
				CLANG_WARN_OBJC_ROOT_CLASS = YES_ERROR;
				CLANG_WARN_SUSPICIOUS_MOVE = YES;
				CLANG_WARN_UNREACHABLE_CODE = YES;
				CLANG_WARN__DUPLICATE_METHOD_MATCH = YES;
				"CODE_SIGN_IDENTITY[sdk=iphoneos*]" = "iPhone Developer";
				COPY_PHASE_STRIP = NO;
				DEBUG_INFORMATION_FORMAT = dwarf;
				ENABLE_STRICT_OBJC_MSGSEND = YES;
				ENABLE_TESTABILITY = YES;
				GCC_C_LANGUAGE_STANDARD = gnu99;
				GCC_DYNAMIC_NO_PIC = NO;
				GCC_NO_COMMON_BLOCKS = YES;
				GCC_OPTIMIZATION_LEVEL = 0;
				GCC_PREPROCESSOR_DEFINITIONS = (
					"DEBUG=1",
					"$(inherited)",
				);
				GCC_WARN_64_TO_32_BIT_CONVERSION = YES;
				GCC_WARN_ABOUT_RETURN_TYPE = YES_ERROR;
				GCC_WARN_UNDECLARED_SELECTOR = YES;
				GCC_WARN_UNINITIALIZED_AUTOS = YES_AGGRESSIVE;
				GCC_WARN_UNUSED_FUNCTION = YES;
				GCC_WARN_UNUSED_VARIABLE = YES;
				IPHONEOS_DEPLOYMENT_TARGET = 10.2;
				MTL_ENABLE_DEBUG_INFO = YES;
				ONLY_ACTIVE_ARCH = YES;
				SDKROOT = iphoneos;
				SWIFT_ACTIVE_COMPILATION_CONDITIONS = DEBUG;
				SWIFT_OPTIMIZATION_LEVEL = "-Onone";
			};
			name = Debug;
		};
		333E279B1E7CA27600306FEB /* Release */ = {
			isa = XCBuildConfiguration;
			buildSettings = {
				ALWAYS_SEARCH_USER_PATHS = NO;
				CLANG_ANALYZER_NONNULL = YES;
				CLANG_CXX_LANGUAGE_STANDARD = "gnu++0x";
				CLANG_CXX_LIBRARY = "libc++";
				CLANG_ENABLE_MODULES = YES;
				CLANG_ENABLE_OBJC_ARC = YES;
				CLANG_WARN_BOOL_CONVERSION = YES;
				CLANG_WARN_CONSTANT_CONVERSION = YES;
				CLANG_WARN_DIRECT_OBJC_ISA_USAGE = YES_ERROR;
				CLANG_WARN_DOCUMENTATION_COMMENTS = YES;
				CLANG_WARN_EMPTY_BODY = YES;
				CLANG_WARN_ENUM_CONVERSION = YES;
				CLANG_WARN_INFINITE_RECURSION = YES;
				CLANG_WARN_INT_CONVERSION = YES;
				CLANG_WARN_OBJC_ROOT_CLASS = YES_ERROR;
				CLANG_WARN_SUSPICIOUS_MOVE = YES;
				CLANG_WARN_UNREACHABLE_CODE = YES;
				CLANG_WARN__DUPLICATE_METHOD_MATCH = YES;
				"CODE_SIGN_IDENTITY[sdk=iphoneos*]" = "iPhone Developer";
				COPY_PHASE_STRIP = NO;
				DEBUG_INFORMATION_FORMAT = "dwarf-with-dsym";
				ENABLE_NS_ASSERTIONS = NO;
				ENABLE_STRICT_OBJC_MSGSEND = YES;
				GCC_C_LANGUAGE_STANDARD = gnu99;
				GCC_NO_COMMON_BLOCKS = YES;
				GCC_WARN_64_TO_32_BIT_CONVERSION = YES;
				GCC_WARN_ABOUT_RETURN_TYPE = YES_ERROR;
				GCC_WARN_UNDECLARED_SELECTOR = YES;
				GCC_WARN_UNINITIALIZED_AUTOS = YES_AGGRESSIVE;
				GCC_WARN_UNUSED_FUNCTION = YES;
				GCC_WARN_UNUSED_VARIABLE = YES;
				IPHONEOS_DEPLOYMENT_TARGET = 10.2;
				MTL_ENABLE_DEBUG_INFO = NO;
				SDKROOT = iphoneos;
				SWIFT_OPTIMIZATION_LEVEL = "-Owholemodule";
				VALIDATE_PRODUCT = YES;
			};
			name = Release;
		};
		333E279D1E7CA27600306FEB /* Debug */ = {
			isa = XCBuildConfiguration;
			buildSettings = {
				ASSETCATALOG_COMPILER_APPICON_NAME = AppIcon;
				DEVELOPMENT_TEAM = 44PY6HEEAQ;
				INFOPLIST_FILE = fits/Info.plist;
				LD_RUNPATH_SEARCH_PATHS = "$(inherited) @executable_path/Frameworks";
				PRODUCT_BUNDLE_IDENTIFIER = PZRT.fits;
				PRODUCT_NAME = "$(TARGET_NAME)";
				SWIFT_VERSION = 3.0;
			};
			name = Debug;
		};
		333E279E1E7CA27600306FEB /* Release */ = {
			isa = XCBuildConfiguration;
			buildSettings = {
				ASSETCATALOG_COMPILER_APPICON_NAME = AppIcon;
				DEVELOPMENT_TEAM = 44PY6HEEAQ;
				INFOPLIST_FILE = fits/Info.plist;
				LD_RUNPATH_SEARCH_PATHS = "$(inherited) @executable_path/Frameworks";
				PRODUCT_BUNDLE_IDENTIFIER = PZRT.fits;
				PRODUCT_NAME = "$(TARGET_NAME)";
				SWIFT_VERSION = 3.0;
			};
			name = Release;
		};
/* End XCBuildConfiguration section */

/* Begin XCConfigurationList section */
		333E27851E7CA27600306FEB /* Build configuration list for PBXProject "fits" */ = {
			isa = XCConfigurationList;
			buildConfigurations = (
				333E279A1E7CA27600306FEB /* Debug */,
				333E279B1E7CA27600306FEB /* Release */,
			);
			defaultConfigurationIsVisible = 0;
			defaultConfigurationName = Release;
		};
		333E279C1E7CA27600306FEB /* Build configuration list for PBXNativeTarget "fits" */ = {
			isa = XCConfigurationList;
			buildConfigurations = (
				333E279D1E7CA27600306FEB /* Debug */,
				333E279E1E7CA27600306FEB /* Release */,
			);
			defaultConfigurationIsVisible = 0;
		};
/* End XCConfigurationList section */
	};
	rootObject = 333E27821E7CA27600306FEB /* Project object */;
}
